// !$*UTF8*$!
{
	archiveVersion = 1;
	classes = {
	};
	objectVersion = 55;
	objects = {

/* Begin PBXBuildFile section */
		256C5A5F2A21AB43008C523E /* AppDelegate.swift in Sources */ = {isa = PBXBuildFile; fileRef = 256C5A5E2A21AB43008C523E /* AppDelegate.swift */; };
		256C5A612A21AB43008C523E /* SceneDelegate.swift in Sources */ = {isa = PBXBuildFile; fileRef = 256C5A602A21AB43008C523E /* SceneDelegate.swift */; };
		256C5A632A21AB43008C523E /* ViewController.swift in Sources */ = {isa = PBXBuildFile; fileRef = 256C5A622A21AB43008C523E /* ViewController.swift */; };
		256C5A662A21AB43008C523E /* Main.storyboard in Resources */ = {isa = PBXBuildFile; fileRef = 256C5A642A21AB43008C523E /* Main.storyboard */; };
		256C5A682A21AB44008C523E /* Assets.xcassets in Resources */ = {isa = PBXBuildFile; fileRef = 256C5A672A21AB44008C523E /* Assets.xcassets */; };
		256C5A6B2A21AB44008C523E /* LaunchScreen.storyboard in Resources */ = {isa = PBXBuildFile; fileRef = 256C5A692A21AB44008C523E /* LaunchScreen.storyboard */; };
		256C5A762A21AB44008C523E /* ImageFinalTests.swift in Sources */ = {isa = PBXBuildFile; fileRef = 256C5A752A21AB44008C523E /* ImageFinalTests.swift */; };
		256C5A802A21AB44008C523E /* ImageFinalUITests.swift in Sources */ = {isa = PBXBuildFile; fileRef = 256C5A7F2A21AB44008C523E /* ImageFinalUITests.swift */; };
		256C5A822A21AB44008C523E /* ImageFinalUITestsLaunchTests.swift in Sources */ = {isa = PBXBuildFile; fileRef = 256C5A812A21AB44008C523E /* ImageFinalUITestsLaunchTests.swift */; };
		256C5A8F2A21C6D8008C523E /* ImageTextingViewe.swift in Sources */ = {isa = PBXBuildFile; fileRef = 256C5A8E2A21C6D8008C523E /* ImageTextingViewe.swift */; };
		25A72FC92A234D12008E4E0B /* TestingPrintSDK in Frameworks */ = {isa = PBXBuildFile; productRef = 25A72FC82A234D12008E4E0B /* TestingPrintSDK */; };
		25A72FCB2A23591D008E4E0B /* WifiListViewer.swift in Sources */ = {isa = PBXBuildFile; fileRef = 25A72FCA2A23591D008E4E0B /* WifiListViewer.swift */; };
/* End PBXBuildFile section */

/* Begin PBXContainerItemProxy section */
		256C5A722A21AB44008C523E /* PBXContainerItemProxy */ = {
			isa = PBXContainerItemProxy;
			containerPortal = 256C5A532A21AB43008C523E /* Project object */;
			proxyType = 1;
			remoteGlobalIDString = 256C5A5A2A21AB43008C523E;
			remoteInfo = ImageFinal;
		};
		256C5A7C2A21AB44008C523E /* PBXContainerItemProxy */ = {
			isa = PBXContainerItemProxy;
			containerPortal = 256C5A532A21AB43008C523E /* Project object */;
			proxyType = 1;
			remoteGlobalIDString = 256C5A5A2A21AB43008C523E;
			remoteInfo = ImageFinal;
		};
/* End PBXContainerItemProxy section */

/* Begin PBXFileReference section */
		256C5A5B2A21AB43008C523E /* ImageFinal.app */ = {isa = PBXFileReference; explicitFileType = wrapper.application; includeInIndex = 0; path = ImageFinal.app; sourceTree = BUILT_PRODUCTS_DIR; };
		256C5A5E2A21AB43008C523E /* AppDelegate.swift */ = {isa = PBXFileReference; lastKnownFileType = sourcecode.swift; path = AppDelegate.swift; sourceTree = "<group>"; };
		256C5A602A21AB43008C523E /* SceneDelegate.swift */ = {isa = PBXFileReference; lastKnownFileType = sourcecode.swift; path = SceneDelegate.swift; sourceTree = "<group>"; };
		256C5A622A21AB43008C523E /* ViewController.swift */ = {isa = PBXFileReference; lastKnownFileType = sourcecode.swift; path = ViewController.swift; sourceTree = "<group>"; };
		256C5A652A21AB43008C523E /* Base */ = {isa = PBXFileReference; lastKnownFileType = file.storyboard; name = Base; path = Base.lproj/Main.storyboard; sourceTree = "<group>"; };
		256C5A672A21AB44008C523E /* Assets.xcassets */ = {isa = PBXFileReference; lastKnownFileType = folder.assetcatalog; path = Assets.xcassets; sourceTree = "<group>"; };
		256C5A6A2A21AB44008C523E /* Base */ = {isa = PBXFileReference; lastKnownFileType = file.storyboard; name = Base; path = Base.lproj/LaunchScreen.storyboard; sourceTree = "<group>"; };
		256C5A6C2A21AB44008C523E /* Info.plist */ = {isa = PBXFileReference; lastKnownFileType = text.plist.xml; path = Info.plist; sourceTree = "<group>"; };
		256C5A712A21AB44008C523E /* ImageFinalTests.xctest */ = {isa = PBXFileReference; explicitFileType = wrapper.cfbundle; includeInIndex = 0; path = ImageFinalTests.xctest; sourceTree = BUILT_PRODUCTS_DIR; };
		256C5A752A21AB44008C523E /* ImageFinalTests.swift */ = {isa = PBXFileReference; lastKnownFileType = sourcecode.swift; path = ImageFinalTests.swift; sourceTree = "<group>"; };
		256C5A7B2A21AB44008C523E /* ImageFinalUITests.xctest */ = {isa = PBXFileReference; explicitFileType = wrapper.cfbundle; includeInIndex = 0; path = ImageFinalUITests.xctest; sourceTree = BUILT_PRODUCTS_DIR; };
		256C5A7F2A21AB44008C523E /* ImageFinalUITests.swift */ = {isa = PBXFileReference; lastKnownFileType = sourcecode.swift; path = ImageFinalUITests.swift; sourceTree = "<group>"; };
		256C5A812A21AB44008C523E /* ImageFinalUITestsLaunchTests.swift */ = {isa = PBXFileReference; lastKnownFileType = sourcecode.swift; path = ImageFinalUITestsLaunchTests.swift; sourceTree = "<group>"; };
		256C5A8E2A21C6D8008C523E /* ImageTextingViewe.swift */ = {isa = PBXFileReference; lastKnownFileType = sourcecode.swift; path = ImageTextingViewe.swift; sourceTree = "<group>"; };
		25A72FCA2A23591D008E4E0B /* WifiListViewer.swift */ = {isa = PBXFileReference; lastKnownFileType = sourcecode.swift; path = WifiListViewer.swift; sourceTree = "<group>"; };
/* End PBXFileReference section */

/* Begin PBXFrameworksBuildPhase section */
		256C5A582A21AB43008C523E /* Frameworks */ = {
			isa = PBXFrameworksBuildPhase;
			buildActionMask = 2147483647;
			files = (
				25A72FC92A234D12008E4E0B /* TestingPrintSDK in Frameworks */,
			);
			runOnlyForDeploymentPostprocessing = 0;
		};
		256C5A6E2A21AB44008C523E /* Frameworks */ = {
			isa = PBXFrameworksBuildPhase;
			buildActionMask = 2147483647;
			files = (
			);
			runOnlyForDeploymentPostprocessing = 0;
		};
		256C5A782A21AB44008C523E /* Frameworks */ = {
			isa = PBXFrameworksBuildPhase;
			buildActionMask = 2147483647;
			files = (
			);
			runOnlyForDeploymentPostprocessing = 0;
		};
/* End PBXFrameworksBuildPhase section */

/* Begin PBXGroup section */
		256C5A522A21AB43008C523E = {
			isa = PBXGroup;
			children = (
				256C5A5D2A21AB43008C523E /* ImageFinal */,
				256C5A742A21AB44008C523E /* ImageFinalTests */,
				256C5A7E2A21AB44008C523E /* ImageFinalUITests */,
				256C5A5C2A21AB43008C523E /* Products */,
			);
			sourceTree = "<group>";
		};
		256C5A5C2A21AB43008C523E /* Products */ = {
			isa = PBXGroup;
			children = (
				256C5A5B2A21AB43008C523E /* ImageFinal.app */,
				256C5A712A21AB44008C523E /* ImageFinalTests.xctest */,
				256C5A7B2A21AB44008C523E /* ImageFinalUITests.xctest */,
			);
			name = Products;
			sourceTree = "<group>";
		};
		256C5A5D2A21AB43008C523E /* ImageFinal */ = {
			isa = PBXGroup;
			children = (
				256C5A8E2A21C6D8008C523E /* ImageTextingViewe.swift */,
				256C5A602A21AB43008C523E /* SceneDelegate.swift */,
				256C5A622A21AB43008C523E /* ViewController.swift */,
				25A72FCA2A23591D008E4E0B /* WifiListViewer.swift */,
				256C5A5E2A21AB43008C523E /* AppDelegate.swift */,
				256C5A642A21AB43008C523E /* Main.storyboard */,
				256C5A672A21AB44008C523E /* Assets.xcassets */,
				256C5A692A21AB44008C523E /* LaunchScreen.storyboard */,
				256C5A6C2A21AB44008C523E /* Info.plist */,
			);
			path = ImageFinal;
			sourceTree = "<group>";
		};
		256C5A742A21AB44008C523E /* ImageFinalTests */ = {
			isa = PBXGroup;
			children = (
				256C5A752A21AB44008C523E /* ImageFinalTests.swift */,
			);
			path = ImageFinalTests;
			sourceTree = "<group>";
		};
		256C5A7E2A21AB44008C523E /* ImageFinalUITests */ = {
			isa = PBXGroup;
			children = (
				256C5A7F2A21AB44008C523E /* ImageFinalUITests.swift */,
				256C5A812A21AB44008C523E /* ImageFinalUITestsLaunchTests.swift */,
			);
			path = ImageFinalUITests;
			sourceTree = "<group>";
		};
/* End PBXGroup section */

/* Begin PBXNativeTarget section */
		256C5A5A2A21AB43008C523E /* ImageFinal */ = {
			isa = PBXNativeTarget;
			buildConfigurationList = 256C5A852A21AB44008C523E /* Build configuration list for PBXNativeTarget "ImageFinal" */;
			buildPhases = (
				256C5A572A21AB43008C523E /* Sources */,
				256C5A582A21AB43008C523E /* Frameworks */,
				256C5A592A21AB43008C523E /* Resources */,
			);
			buildRules = (
			);
			dependencies = (
			);
			name = ImageFinal;
			packageProductDependencies = (
				25A72FC82A234D12008E4E0B /* TestingPrintSDK */,
			);
			productName = ImageFinal;
			productReference = 256C5A5B2A21AB43008C523E /* ImageFinal.app */;
			productType = "com.apple.product-type.application";
		};
		256C5A702A21AB44008C523E /* ImageFinalTests */ = {
			isa = PBXNativeTarget;
			buildConfigurationList = 256C5A882A21AB44008C523E /* Build configuration list for PBXNativeTarget "ImageFinalTests" */;
			buildPhases = (
				256C5A6D2A21AB44008C523E /* Sources */,
				256C5A6E2A21AB44008C523E /* Frameworks */,
				256C5A6F2A21AB44008C523E /* Resources */,
			);
			buildRules = (
			);
			dependencies = (
				256C5A732A21AB44008C523E /* PBXTargetDependency */,
			);
			name = ImageFinalTests;
			productName = ImageFinalTests;
			productReference = 256C5A712A21AB44008C523E /* ImageFinalTests.xctest */;
			productType = "com.apple.product-type.bundle.unit-test";
		};
		256C5A7A2A21AB44008C523E /* ImageFinalUITests */ = {
			isa = PBXNativeTarget;
			buildConfigurationList = 256C5A8B2A21AB44008C523E /* Build configuration list for PBXNativeTarget "ImageFinalUITests" */;
			buildPhases = (
				256C5A772A21AB44008C523E /* Sources */,
				256C5A782A21AB44008C523E /* Frameworks */,
				256C5A792A21AB44008C523E /* Resources */,
			);
			buildRules = (
			);
			dependencies = (
				256C5A7D2A21AB44008C523E /* PBXTargetDependency */,
			);
			name = ImageFinalUITests;
			productName = ImageFinalUITests;
			productReference = 256C5A7B2A21AB44008C523E /* ImageFinalUITests.xctest */;
			productType = "com.apple.product-type.bundle.ui-testing";
		};
/* End PBXNativeTarget section */

/* Begin PBXProject section */
		256C5A532A21AB43008C523E /* Project object */ = {
			isa = PBXProject;
			attributes = {
				BuildIndependentTargetsInParallel = 1;
				LastSwiftUpdateCheck = 1310;
				LastUpgradeCheck = 1310;
				TargetAttributes = {
					256C5A5A2A21AB43008C523E = {
						CreatedOnToolsVersion = 13.1;
					};
					256C5A702A21AB44008C523E = {
						CreatedOnToolsVersion = 13.1;
						TestTargetID = 256C5A5A2A21AB43008C523E;
					};
					256C5A7A2A21AB44008C523E = {
						CreatedOnToolsVersion = 13.1;
						TestTargetID = 256C5A5A2A21AB43008C523E;
					};
				};
			};
			buildConfigurationList = 256C5A562A21AB43008C523E /* Build configuration list for PBXProject "ImageFinal" */;
			compatibilityVersion = "Xcode 13.0";
			developmentRegion = en;
			hasScannedForEncodings = 0;
			knownRegions = (
				en,
				Base,
			);
			mainGroup = 256C5A522A21AB43008C523E;
			packageReferences = (
				25A72FC72A234D12008E4E0B /* XCRemoteSwiftPackageReference "TestingPrintSDK" */,
			);
			productRefGroup = 256C5A5C2A21AB43008C523E /* Products */;
			projectDirPath = "";
			projectRoot = "";
			targets = (
				256C5A5A2A21AB43008C523E /* ImageFinal */,
				256C5A702A21AB44008C523E /* ImageFinalTests */,
				256C5A7A2A21AB44008C523E /* ImageFinalUITests */,
			);
		};
/* End PBXProject section */

/* Begin PBXResourcesBuildPhase section */
		256C5A592A21AB43008C523E /* Resources */ = {
			isa = PBXResourcesBuildPhase;
			buildActionMask = 2147483647;
			files = (
				256C5A6B2A21AB44008C523E /* LaunchScreen.storyboard in Resources */,
				256C5A682A21AB44008C523E /* Assets.xcassets in Resources */,
				256C5A662A21AB43008C523E /* Main.storyboard in Resources */,
			);
			runOnlyForDeploymentPostprocessing = 0;
		};
		256C5A6F2A21AB44008C523E /* Resources */ = {
			isa = PBXResourcesBuildPhase;
			buildActionMask = 2147483647;
			files = (
			);
			runOnlyForDeploymentPostprocessing = 0;
		};
		256C5A792A21AB44008C523E /* Resources */ = {
			isa = PBXResourcesBuildPhase;
			buildActionMask = 2147483647;
			files = (
			);
			runOnlyForDeploymentPostprocessing = 0;
		};
/* End PBXResourcesBuildPhase section */

/* Begin PBXSourcesBuildPhase section */
		256C5A572A21AB43008C523E /* Sources */ = {
			isa = PBXSourcesBuildPhase;
			buildActionMask = 2147483647;
			files = (
				25A72FCB2A23591D008E4E0B /* WifiListViewer.swift in Sources */,
				256C5A8F2A21C6D8008C523E /* ImageTextingViewe.swift in Sources */,
				256C5A632A21AB43008C523E /* ViewController.swift in Sources */,
				256C5A5F2A21AB43008C523E /* AppDelegate.swift in Sources */,
				256C5A612A21AB43008C523E /* SceneDelegate.swift in Sources */,
			);
			runOnlyForDeploymentPostprocessing = 0;
		};
		256C5A6D2A21AB44008C523E /* Sources */ = {
			isa = PBXSourcesBuildPhase;
			buildActionMask = 2147483647;
			files = (
				256C5A762A21AB44008C523E /* ImageFinalTests.swift in Sources */,
			);
			runOnlyForDeploymentPostprocessing = 0;
		};
		256C5A772A21AB44008C523E /* Sources */ = {
			isa = PBXSourcesBuildPhase;
			buildActionMask = 2147483647;
			files = (
				256C5A802A21AB44008C523E /* ImageFinalUITests.swift in Sources */,
				256C5A822A21AB44008C523E /* ImageFinalUITestsLaunchTests.swift in Sources */,
			);
			runOnlyForDeploymentPostprocessing = 0;
		};
/* End PBXSourcesBuildPhase section */

/* Begin PBXTargetDependency section */
		256C5A732A21AB44008C523E /* PBXTargetDependency */ = {
			isa = PBXTargetDependency;
			target = 256C5A5A2A21AB43008C523E /* ImageFinal */;
			targetProxy = 256C5A722A21AB44008C523E /* PBXContainerItemProxy */;
		};
		256C5A7D2A21AB44008C523E /* PBXTargetDependency */ = {
			isa = PBXTargetDependency;
			target = 256C5A5A2A21AB43008C523E /* ImageFinal */;
			targetProxy = 256C5A7C2A21AB44008C523E /* PBXContainerItemProxy */;
		};
/* End PBXTargetDependency section */

/* Begin PBXVariantGroup section */
		256C5A642A21AB43008C523E /* Main.storyboard */ = {
			isa = PBXVariantGroup;
			children = (
				256C5A652A21AB43008C523E /* Base */,
			);
			name = Main.storyboard;
			sourceTree = "<group>";
		};
		256C5A692A21AB44008C523E /* LaunchScreen.storyboard */ = {
			isa = PBXVariantGroup;
			children = (
				256C5A6A2A21AB44008C523E /* Base */,
			);
			name = LaunchScreen.storyboard;
			sourceTree = "<group>";
		};
/* End PBXVariantGroup section */

/* Begin XCBuildConfiguration section */
		256C5A832A21AB44008C523E /* Debug */ = {
			isa = XCBuildConfiguration;
			buildSettings = {
				ALWAYS_SEARCH_USER_PATHS = NO;
				CLANG_ANALYZER_NONNULL = YES;
				CLANG_ANALYZER_NUMBER_OBJECT_CONVERSION = YES_AGGRESSIVE;
				CLANG_CXX_LANGUAGE_STANDARD = "gnu++17";
				CLANG_CXX_LIBRARY = "libc++";
				CLANG_ENABLE_MODULES = YES;
				CLANG_ENABLE_OBJC_ARC = YES;
				CLANG_ENABLE_OBJC_WEAK = YES;
				CLANG_WARN_BLOCK_CAPTURE_AUTORELEASING = YES;
				CLANG_WARN_BOOL_CONVERSION = YES;
				CLANG_WARN_COMMA = YES;
				CLANG_WARN_CONSTANT_CONVERSION = YES;
				CLANG_WARN_DEPRECATED_OBJC_IMPLEMENTATIONS = YES;
				CLANG_WARN_DIRECT_OBJC_ISA_USAGE = YES_ERROR;
				CLANG_WARN_DOCUMENTATION_COMMENTS = YES;
				CLANG_WARN_EMPTY_BODY = YES;
				CLANG_WARN_ENUM_CONVERSION = YES;
				CLANG_WARN_INFINITE_RECURSION = YES;
				CLANG_WARN_INT_CONVERSION = YES;
				CLANG_WARN_NON_LITERAL_NULL_CONVERSION = YES;
				CLANG_WARN_OBJC_IMPLICIT_RETAIN_SELF = YES;
				CLANG_WARN_OBJC_LITERAL_CONVERSION = YES;
				CLANG_WARN_OBJC_ROOT_CLASS = YES_ERROR;
				CLANG_WARN_QUOTED_INCLUDE_IN_FRAMEWORK_HEADER = YES;
				CLANG_WARN_RANGE_LOOP_ANALYSIS = YES;
				CLANG_WARN_STRICT_PROTOTYPES = YES;
				CLANG_WARN_SUSPICIOUS_MOVE = YES;
				CLANG_WARN_UNGUARDED_AVAILABILITY = YES_AGGRESSIVE;
				CLANG_WARN_UNREACHABLE_CODE = YES;
				CLANG_WARN__DUPLICATE_METHOD_MATCH = YES;
				COPY_PHASE_STRIP = NO;
				DEBUG_INFORMATION_FORMAT = dwarf;
				ENABLE_STRICT_OBJC_MSGSEND = YES;
				ENABLE_TESTABILITY = YES;
				GCC_C_LANGUAGE_STANDARD = gnu11;
				GCC_DYNAMIC_NO_PIC = NO;
				GCC_NO_COMMON_BLOCKS = YES;
				GCC_OPTIMIZATION_LEVEL = 0;
				GCC_PREPROCESSOR_DEFINITIONS = (
					"DEBUG=1",
					"$(inherited)",
				);
				GCC_WARN_64_TO_32_BIT_CONVERSION = YES;
				GCC_WARN_ABOUT_RETURN_TYPE = YES_ERROR;
				GCC_WARN_UNDECLARED_SELECTOR = YES;
				GCC_WARN_UNINITIALIZED_AUTOS = YES_AGGRESSIVE;
				GCC_WARN_UNUSED_FUNCTION = YES;
				GCC_WARN_UNUSED_VARIABLE = YES;
				IPHONEOS_DEPLOYMENT_TARGET = 15.0;
				MTL_ENABLE_DEBUG_INFO = INCLUDE_SOURCE;
				MTL_FAST_MATH = YES;
				ONLY_ACTIVE_ARCH = YES;
				SDKROOT = iphoneos;
				SWIFT_ACTIVE_COMPILATION_CONDITIONS = DEBUG;
				SWIFT_OPTIMIZATION_LEVEL = "-Onone";
			};
			name = Debug;
		};
		256C5A842A21AB44008C523E /* Release */ = {
			isa = XCBuildConfiguration;
			buildSettings = {
				ALWAYS_SEARCH_USER_PATHS = NO;
				CLANG_ANALYZER_NONNULL = YES;
				CLANG_ANALYZER_NUMBER_OBJECT_CONVERSION = YES_AGGRESSIVE;
				CLANG_CXX_LANGUAGE_STANDARD = "gnu++17";
				CLANG_CXX_LIBRARY = "libc++";
				CLANG_ENABLE_MODULES = YES;
				CLANG_ENABLE_OBJC_ARC = YES;
				CLANG_ENABLE_OBJC_WEAK = YES;
				CLANG_WARN_BLOCK_CAPTURE_AUTORELEASING = YES;
				CLANG_WARN_BOOL_CONVERSION = YES;
				CLANG_WARN_COMMA = YES;
				CLANG_WARN_CONSTANT_CONVERSION = YES;
				CLANG_WARN_DEPRECATED_OBJC_IMPLEMENTATIONS = YES;
				CLANG_WARN_DIRECT_OBJC_ISA_USAGE = YES_ERROR;
				CLANG_WARN_DOCUMENTATION_COMMENTS = YES;
				CLANG_WARN_EMPTY_BODY = YES;
				CLANG_WARN_ENUM_CONVERSION = YES;
				CLANG_WARN_INFINITE_RECURSION = YES;
				CLANG_WARN_INT_CONVERSION = YES;
				CLANG_WARN_NON_LITERAL_NULL_CONVERSION = YES;
				CLANG_WARN_OBJC_IMPLICIT_RETAIN_SELF = YES;
				CLANG_WARN_OBJC_LITERAL_CONVERSION = YES;
				CLANG_WARN_OBJC_ROOT_CLASS = YES_ERROR;
				CLANG_WARN_QUOTED_INCLUDE_IN_FRAMEWORK_HEADER = YES;
				CLANG_WARN_RANGE_LOOP_ANALYSIS = YES;
				CLANG_WARN_STRICT_PROTOTYPES = YES;
				CLANG_WARN_SUSPICIOUS_MOVE = YES;
				CLANG_WARN_UNGUARDED_AVAILABILITY = YES_AGGRESSIVE;
				CLANG_WARN_UNREACHABLE_CODE = YES;
				CLANG_WARN__DUPLICATE_METHOD_MATCH = YES;
				COPY_PHASE_STRIP = NO;
				DEBUG_INFORMATION_FORMAT = "dwarf-with-dsym";
				ENABLE_NS_ASSERTIONS = NO;
				ENABLE_STRICT_OBJC_MSGSEND = YES;
				GCC_C_LANGUAGE_STANDARD = gnu11;
				GCC_NO_COMMON_BLOCKS = YES;
				GCC_WARN_64_TO_32_BIT_CONVERSION = YES;
				GCC_WARN_ABOUT_RETURN_TYPE = YES_ERROR;
				GCC_WARN_UNDECLARED_SELECTOR = YES;
				GCC_WARN_UNINITIALIZED_AUTOS = YES_AGGRESSIVE;
				GCC_WARN_UNUSED_FUNCTION = YES;
				GCC_WARN_UNUSED_VARIABLE = YES;
				IPHONEOS_DEPLOYMENT_TARGET = 15.0;
				MTL_ENABLE_DEBUG_INFO = NO;
				MTL_FAST_MATH = YES;
				SDKROOT = iphoneos;
				SWIFT_COMPILATION_MODE = wholemodule;
				SWIFT_OPTIMIZATION_LEVEL = "-O";
				VALIDATE_PRODUCT = YES;
			};
			name = Release;
		};
		256C5A862A21AB44008C523E /* Debug */ = {
			isa = XCBuildConfiguration;
			buildSettings = {
				ASSETCATALOG_COMPILER_APPICON_NAME = AppIcon;
				ASSETCATALOG_COMPILER_GLOBAL_ACCENT_COLOR_NAME = AccentColor;
				CODE_SIGN_STYLE = Automatic;
				CURRENT_PROJECT_VERSION = 1;
				DEVELOPMENT_TEAM = V23C68N65J;
				GENERATE_INFOPLIST_FILE = YES;
				INFOPLIST_FILE = ImageFinal/Info.plist;
				INFOPLIST_KEY_CFBundleDisplayName = "";
				INFOPLIST_KEY_LSApplicationCategoryType = "";
				INFOPLIST_KEY_NSBluetoothAlwaysUsageDescription = 1.0;
				INFOPLIST_KEY_NSNetworkVolumesUsageDescription = "";
				INFOPLIST_KEY_UIApplicationSupportsIndirectInputEvents = YES;
				INFOPLIST_KEY_UILaunchStoryboardName = LaunchScreen;
				INFOPLIST_KEY_UIMainStoryboardFile = Main;
				INFOPLIST_KEY_UISupportedInterfaceOrientations_iPad = "UIInterfaceOrientationPortrait UIInterfaceOrientationPortraitUpsideDown UIInterfaceOrientationLandscapeLeft UIInterfaceOrientationLandscapeRight";
				INFOPLIST_KEY_UISupportedInterfaceOrientations_iPhone = "UIInterfaceOrientationPortrait UIInterfaceOrientationLandscapeLeft UIInterfaceOrientationLandscapeRight";
				LD_RUNPATH_SEARCH_PATHS = (
					"$(inherited)",
					"@executable_path/Frameworks",
				);
				MARKETING_VERSION = 1.0;
				PRODUCT_BUNDLE_IDENTIFIER = com.tht.ImageFinal;
				PRODUCT_NAME = "$(TARGET_NAME)";
				SWIFT_EMIT_LOC_STRINGS = YES;
				SWIFT_VERSION = 5.0;
				TARGETED_DEVICE_FAMILY = "1,2";
			};
			name = Debug;
		};
		256C5A872A21AB44008C523E /* Release */ = {
			isa = XCBuildConfiguration;
			buildSettings = {
				ASSETCATALOG_COMPILER_APPICON_NAME = AppIcon;
				ASSETCATALOG_COMPILER_GLOBAL_ACCENT_COLOR_NAME = AccentColor;
				CODE_SIGN_STYLE = Automatic;
				CURRENT_PROJECT_VERSION = 1;
				DEVELOPMENT_TEAM = V23C68N65J;
				GENERATE_INFOPLIST_FILE = YES;
				INFOPLIST_FILE = ImageFinal/Info.plist;
				INFOPLIST_KEY_CFBundleDisplayName = "";
				INFOPLIST_KEY_LSApplicationCategoryType = "";
				INFOPLIST_KEY_NSBluetoothAlwaysUsageDescription = 1.0;
				INFOPLIST_KEY_NSNetworkVolumesUsageDescription = "";
				INFOPLIST_KEY_UIApplicationSupportsIndirectInputEvents = YES;
				INFOPLIST_KEY_UILaunchStoryboardName = LaunchScreen;
				INFOPLIST_KEY_UIMainStoryboardFile = Main;
				INFOPLIST_KEY_UISupportedInterfaceOrientations_iPad = "UIInterfaceOrientationPortrait UIInterfaceOrientationPortraitUpsideDown UIInterfaceOrientationLandscapeLeft UIInterfaceOrientationLandscapeRight";
				INFOPLIST_KEY_UISupportedInterfaceOrientations_iPhone = "UIInterfaceOrientationPortrait UIInterfaceOrientationLandscapeLeft UIInterfaceOrientationLandscapeRight";
				LD_RUNPATH_SEARCH_PATHS = (
					"$(inherited)",
					"@executable_path/Frameworks",
				);
				MARKETING_VERSION = 1.0;
				PRODUCT_BUNDLE_IDENTIFIER = com.tht.ImageFinal;
				PRODUCT_NAME = "$(TARGET_NAME)";
				SWIFT_EMIT_LOC_STRINGS = YES;
				SWIFT_VERSION = 5.0;
				TARGETED_DEVICE_FAMILY = "1,2";
			};
			name = Release;
		};
		256C5A892A21AB44008C523E /* Debug */ = {
			isa = XCBuildConfiguration;
			buildSettings = {
				ALWAYS_EMBED_SWIFT_STANDARD_LIBRARIES = YES;
				BUNDLE_LOADER = "$(TEST_HOST)";
				CODE_SIGN_STYLE = Automatic;
				CURRENT_PROJECT_VERSION = 1;
				DEVELOPMENT_TEAM = V23C68N65J;
				GENERATE_INFOPLIST_FILE = YES;
				IPHONEOS_DEPLOYMENT_TARGET = 15.0;
				LD_RUNPATH_SEARCH_PATHS = (
					"$(inherited)",
					"@executable_path/Frameworks",
					"@loader_path/Frameworks",
				);
				MARKETING_VERSION = 1.0;
				PRODUCT_BUNDLE_IDENTIFIER = com.tht.ImageFinalTests;
				PRODUCT_NAME = "$(TARGET_NAME)";
				SWIFT_EMIT_LOC_STRINGS = NO;
				SWIFT_VERSION = 5.0;
				TARGETED_DEVICE_FAMILY = "1,2";
				TEST_HOST = "$(BUILT_PRODUCTS_DIR)/ImageFinal.app/ImageFinal";
			};
			name = Debug;
		};
		256C5A8A2A21AB44008C523E /* Release */ = {
			isa = XCBuildConfiguration;
			buildSettings = {
				ALWAYS_EMBED_SWIFT_STANDARD_LIBRARIES = YES;
				BUNDLE_LOADER = "$(TEST_HOST)";
				CODE_SIGN_STYLE = Automatic;
				CURRENT_PROJECT_VERSION = 1;
				DEVELOPMENT_TEAM = V23C68N65J;
				GENERATE_INFOPLIST_FILE = YES;
				IPHONEOS_DEPLOYMENT_TARGET = 15.0;
				LD_RUNPATH_SEARCH_PATHS = (
					"$(inherited)",
					"@executable_path/Frameworks",
					"@loader_path/Frameworks",
				);
				MARKETING_VERSION = 1.0;
				PRODUCT_BUNDLE_IDENTIFIER = com.tht.ImageFinalTests;
				PRODUCT_NAME = "$(TARGET_NAME)";
				SWIFT_EMIT_LOC_STRINGS = NO;
				SWIFT_VERSION = 5.0;
				TARGETED_DEVICE_FAMILY = "1,2";
				TEST_HOST = "$(BUILT_PRODUCTS_DIR)/ImageFinal.app/ImageFinal";
			};
			name = Release;
		};
		256C5A8C2A21AB44008C523E /* Debug */ = {
			isa = XCBuildConfiguration;
			buildSettings = {
				ALWAYS_EMBED_SWIFT_STANDARD_LIBRARIES = YES;
				CODE_SIGN_STYLE = Automatic;
				CURRENT_PROJECT_VERSION = 1;
				DEVELOPMENT_TEAM = V23C68N65J;
				GENERATE_INFOPLIST_FILE = YES;
				LD_RUNPATH_SEARCH_PATHS = (
					"$(inherited)",
					"@executable_path/Frameworks",
					"@loader_path/Frameworks",
				);
				MARKETING_VERSION = 1.0;
				PRODUCT_BUNDLE_IDENTIFIER = com.tht.ImageFinalUITests;
				PRODUCT_NAME = "$(TARGET_NAME)";
				SWIFT_EMIT_LOC_STRINGS = NO;
				SWIFT_VERSION = 5.0;
				TARGETED_DEVICE_FAMILY = "1,2";
				TEST_TARGET_NAME = ImageFinal;
			};
			name = Debug;
		};
		256C5A8D2A21AB44008C523E /* Release */ = {
			isa = XCBuildConfiguration;
			buildSettings = {
				ALWAYS_EMBED_SWIFT_STANDARD_LIBRARIES = YES;
				CODE_SIGN_STYLE = Automatic;
				CURRENT_PROJECT_VERSION = 1;
				DEVELOPMENT_TEAM = V23C68N65J;
				GENERATE_INFOPLIST_FILE = YES;
				LD_RUNPATH_SEARCH_PATHS = (
					"$(inherited)",
					"@executable_path/Frameworks",
					"@loader_path/Frameworks",
				);
				MARKETING_VERSION = 1.0;
				PRODUCT_BUNDLE_IDENTIFIER = com.tht.ImageFinalUITests;
				PRODUCT_NAME = "$(TARGET_NAME)";
				SWIFT_EMIT_LOC_STRINGS = NO;
				SWIFT_VERSION = 5.0;
				TARGETED_DEVICE_FAMILY = "1,2";
				TEST_TARGET_NAME = ImageFinal;
			};
			name = Release;
		};
/* End XCBuildConfiguration section */

/* Begin XCConfigurationList section */
		256C5A562A21AB43008C523E /* Build configuration list for PBXProject "ImageFinal" */ = {
			isa = XCConfigurationList;
			buildConfigurations = (
				256C5A832A21AB44008C523E /* Debug */,
				256C5A842A21AB44008C523E /* Release */,
			);
			defaultConfigurationIsVisible = 0;
			defaultConfigurationName = Release;
		};
		256C5A852A21AB44008C523E /* Build configuration list for PBXNativeTarget "ImageFinal" */ = {
			isa = XCConfigurationList;
			buildConfigurations = (
				256C5A862A21AB44008C523E /* Debug */,
				256C5A872A21AB44008C523E /* Release */,
			);
			defaultConfigurationIsVisible = 0;
			defaultConfigurationName = Release;
		};
		256C5A882A21AB44008C523E /* Build configuration list for PBXNativeTarget "ImageFinalTests" */ = {
			isa = XCConfigurationList;
			buildConfigurations = (
				256C5A892A21AB44008C523E /* Debug */,
				256C5A8A2A21AB44008C523E /* Release */,
			);
			defaultConfigurationIsVisible = 0;
			defaultConfigurationName = Release;
		};
		256C5A8B2A21AB44008C523E /* Build configuration list for PBXNativeTarget "ImageFinalUITests" */ = {
			isa = XCConfigurationList;
			buildConfigurations = (
				256C5A8C2A21AB44008C523E /* Debug */,
				256C5A8D2A21AB44008C523E /* Release */,
			);
			defaultConfigurationIsVisible = 0;
			defaultConfigurationName = Release;
		};
/* End XCConfigurationList section */

/* Begin XCRemoteSwiftPackageReference section */
		25A72FC72A234D12008E4E0B /* XCRemoteSwiftPackageReference "TestingPrintSDK" */ = {
			isa = XCRemoteSwiftPackageReference;
			repositoryURL = "https://github.com/Arifuljava/TestingPrintSDK.git";
			requirement = {
				branch = main;
				kind = branch;
			};
		};
/* End XCRemoteSwiftPackageReference section */

/* Begin XCSwiftPackageProductDependency section */
		25A72FC82A234D12008E4E0B /* TestingPrintSDK */ = {
			isa = XCSwiftPackageProductDependency;
			package = 25A72FC72A234D12008E4E0B /* XCRemoteSwiftPackageReference "TestingPrintSDK" */;
			productName = TestingPrintSDK;
		};
/* End XCSwiftPackageProductDependency section */
	};
	rootObject = 256C5A532A21AB43008C523E /* Project object */;
}
